// !$*UTF8*$!
{
	archiveVersion = 1;
	classes = {
	};
	objectVersion = 56;
	objects = {

/* Begin PBXBuildFile section */
		6B361DD62C04D01E004C5811 /* AppDelegate.swift in Sources */ = {isa = PBXBuildFile; fileRef = 6B361DD52C04D01E004C5811 /* AppDelegate.swift */; };
		6B361DD82C04D01E004C5811 /* SceneDelegate.swift in Sources */ = {isa = PBXBuildFile; fileRef = 6B361DD72C04D01E004C5811 /* SceneDelegate.swift */; };
		6B361DDA2C04D01E004C5811 /* DoughnutChartViewController.swift in Sources */ = {isa = PBXBuildFile; fileRef = 6B361DD92C04D01E004C5811 /* DoughnutChartViewController.swift */; };
		6B361DDF2C04D01E004C5811 /* Assets.xcassets in Resources */ = {isa = PBXBuildFile; fileRef = 6B361DDE2C04D01E004C5811 /* Assets.xcassets */; };
		6B361DE22C04D01E004C5811 /* Base in Resources */ = {isa = PBXBuildFile; fileRef = 6B361DE12C04D01E004C5811 /* Base */; };
		6B361DED2C04D01F004C5811 /* PIeChartTestTests.swift in Sources */ = {isa = PBXBuildFile; fileRef = 6B361DEC2C04D01F004C5811 /* PIeChartTestTests.swift */; };
		6B361DF72C04D01F004C5811 /* PIeChartTestUITests.swift in Sources */ = {isa = PBXBuildFile; fileRef = 6B361DF62C04D01F004C5811 /* PIeChartTestUITests.swift */; };
		6B361DF92C04D01F004C5811 /* PIeChartTestUITestsLaunchTests.swift in Sources */ = {isa = PBXBuildFile; fileRef = 6B361DF82C04D01F004C5811 /* PIeChartTestUITestsLaunchTests.swift */; };
		6B361E062C04D1DA004C5811 /* DoughnutChartCircular.swift in Sources */ = {isa = PBXBuildFile; fileRef = 6B361E052C04D1DA004C5811 /* DoughnutChartCircular.swift */; };
/* End PBXBuildFile section */

/* Begin PBXContainerItemProxy section */
		6B361DE92C04D01F004C5811 /* PBXContainerItemProxy */ = {
			isa = PBXContainerItemProxy;
			containerPortal = 6B361DCA2C04D01E004C5811 /* Project object */;
			proxyType = 1;
			remoteGlobalIDString = 6B361DD12C04D01E004C5811;
			remoteInfo = PIeChartTest;
		};
		6B361DF32C04D01F004C5811 /* PBXContainerItemProxy */ = {
			isa = PBXContainerItemProxy;
			containerPortal = 6B361DCA2C04D01E004C5811 /* Project object */;
			proxyType = 1;
			remoteGlobalIDString = 6B361DD12C04D01E004C5811;
			remoteInfo = PIeChartTest;
		};
/* End PBXContainerItemProxy section */

/* Begin PBXFileReference section */
		6B361DD22C04D01E004C5811 /* PieChartTest.app */ = {isa = PBXFileReference; explicitFileType = wrapper.application; includeInIndex = 0; path = PieChartTest.app; sourceTree = BUILT_PRODUCTS_DIR; };
		6B361DD52C04D01E004C5811 /* AppDelegate.swift */ = {isa = PBXFileReference; lastKnownFileType = sourcecode.swift; path = AppDelegate.swift; sourceTree = "<group>"; };
		6B361DD72C04D01E004C5811 /* SceneDelegate.swift */ = {isa = PBXFileReference; lastKnownFileType = sourcecode.swift; path = SceneDelegate.swift; sourceTree = "<group>"; };
		6B361DD92C04D01E004C5811 /* DoughnutChartViewController.swift */ = {isa = PBXFileReference; lastKnownFileType = sourcecode.swift; path = DoughnutChartViewController.swift; sourceTree = "<group>"; };
		6B361DDE2C04D01E004C5811 /* Assets.xcassets */ = {isa = PBXFileReference; lastKnownFileType = folder.assetcatalog; path = Assets.xcassets; sourceTree = "<group>"; };
		6B361DE12C04D01E004C5811 /* Base */ = {isa = PBXFileReference; lastKnownFileType = file.storyboard; name = Base; path = Base.lproj/LaunchScreen.storyboard; sourceTree = "<group>"; };
		6B361DE32C04D01E004C5811 /* Info.plist */ = {isa = PBXFileReference; lastKnownFileType = text.plist.xml; path = Info.plist; sourceTree = "<group>"; };
		6B361DE82C04D01F004C5811 /* PieChartTestTests.xctest */ = {isa = PBXFileReference; explicitFileType = wrapper.cfbundle; includeInIndex = 0; path = PieChartTestTests.xctest; sourceTree = BUILT_PRODUCTS_DIR; };
		6B361DEC2C04D01F004C5811 /* PIeChartTestTests.swift */ = {isa = PBXFileReference; lastKnownFileType = sourcecode.swift; path = PIeChartTestTests.swift; sourceTree = "<group>"; };
		6B361DF22C04D01F004C5811 /* PieChartTestUITests.xctest */ = {isa = PBXFileReference; explicitFileType = wrapper.cfbundle; includeInIndex = 0; path = PieChartTestUITests.xctest; sourceTree = BUILT_PRODUCTS_DIR; };
		6B361DF62C04D01F004C5811 /* PIeChartTestUITests.swift */ = {isa = PBXFileReference; lastKnownFileType = sourcecode.swift; path = PIeChartTestUITests.swift; sourceTree = "<group>"; };
		6B361DF82C04D01F004C5811 /* PIeChartTestUITestsLaunchTests.swift */ = {isa = PBXFileReference; lastKnownFileType = sourcecode.swift; path = PIeChartTestUITestsLaunchTests.swift; sourceTree = "<group>"; };
		6B361E052C04D1DA004C5811 /* DoughnutChartCircular.swift */ = {isa = PBXFileReference; lastKnownFileType = sourcecode.swift; path = DoughnutChartCircular.swift; sourceTree = "<group>"; };
/* End PBXFileReference section */

/* Begin PBXFrameworksBuildPhase section */
		6B361DCF2C04D01E004C5811 /* Frameworks */ = {
			isa = PBXFrameworksBuildPhase;
			buildActionMask = 2147483647;
			files = (
			);
			runOnlyForDeploymentPostprocessing = 0;
		};
		6B361DE52C04D01F004C5811 /* Frameworks */ = {
			isa = PBXFrameworksBuildPhase;
			buildActionMask = 2147483647;
			files = (
			);
			runOnlyForDeploymentPostprocessing = 0;
		};
		6B361DEF2C04D01F004C5811 /* Frameworks */ = {
			isa = PBXFrameworksBuildPhase;
			buildActionMask = 2147483647;
			files = (
			);
			runOnlyForDeploymentPostprocessing = 0;
		};
/* End PBXFrameworksBuildPhase section */

/* Begin PBXGroup section */
		6B361DC92C04D01E004C5811 = {
			isa = PBXGroup;
			children = (
				6B361DD42C04D01E004C5811 /* PIeChartTest */,
				6B361DEB2C04D01F004C5811 /* PIeChartTestTests */,
				6B361DF52C04D01F004C5811 /* PIeChartTestUITests */,
				6B361DD32C04D01E004C5811 /* Products */,
			);
			sourceTree = "<group>";
		};
		6B361DD32C04D01E004C5811 /* Products */ = {
			isa = PBXGroup;
			children = (
				6B361DD22C04D01E004C5811 /* PieChartTest.app */,
				6B361DE82C04D01F004C5811 /* PieChartTestTests.xctest */,
				6B361DF22C04D01F004C5811 /* PieChartTestUITests.xctest */,
			);
			name = Products;
			sourceTree = "<group>";
		};
		6B361DD42C04D01E004C5811 /* PIeChartTest */ = {
			isa = PBXGroup;
			children = (
				6B361DD52C04D01E004C5811 /* AppDelegate.swift */,
				6B361DD72C04D01E004C5811 /* SceneDelegate.swift */,
				6B361DD92C04D01E004C5811 /* DoughnutChartViewController.swift */,
				6B361E052C04D1DA004C5811 /* DoughnutChartCircular.swift */,
				6B361DDE2C04D01E004C5811 /* Assets.xcassets */,
				6B361DE02C04D01E004C5811 /* LaunchScreen.storyboard */,
				6B361DE32C04D01E004C5811 /* Info.plist */,
			);
			path = PIeChartTest;
			sourceTree = "<group>";
		};
		6B361DEB2C04D01F004C5811 /* PIeChartTestTests */ = {
			isa = PBXGroup;
			children = (
				6B361DEC2C04D01F004C5811 /* PIeChartTestTests.swift */,
			);
			path = PIeChartTestTests;
			sourceTree = "<group>";
		};
		6B361DF52C04D01F004C5811 /* PIeChartTestUITests */ = {
			isa = PBXGroup;
			children = (
				6B361DF62C04D01F004C5811 /* PIeChartTestUITests.swift */,
				6B361DF82C04D01F004C5811 /* PIeChartTestUITestsLaunchTests.swift */,
			);
			path = PIeChartTestUITests;
			sourceTree = "<group>";
		};
/* End PBXGroup section */

/* Begin PBXNativeTarget section */
		6B361DD12C04D01E004C5811 /* PieChartTest */ = {
			isa = PBXNativeTarget;
			buildConfigurationList = 6B361DFC2C04D01F004C5811 /* Build configuration list for PBXNativeTarget "PieChartTest" */;
			buildPhases = (
				6B361DCE2C04D01E004C5811 /* Sources */,
				6B361DCF2C04D01E004C5811 /* Frameworks */,
				6B361DD02C04D01E004C5811 /* Resources */,
			);
			buildRules = (
			);
			dependencies = (
			);
			name = PieChartTest;
			productName = PIeChartTest;
			productReference = 6B361DD22C04D01E004C5811 /* PieChartTest.app */;
			productType = "com.apple.product-type.application";
		};
		6B361DE72C04D01F004C5811 /* PieChartTestTests */ = {
			isa = PBXNativeTarget;
			buildConfigurationList = 6B361DFF2C04D01F004C5811 /* Build configuration list for PBXNativeTarget "PieChartTestTests" */;
			buildPhases = (
				6B361DE42C04D01F004C5811 /* Sources */,
				6B361DE52C04D01F004C5811 /* Frameworks */,
				6B361DE62C04D01F004C5811 /* Resources */,
			);
			buildRules = (
			);
			dependencies = (
				6B361DEA2C04D01F004C5811 /* PBXTargetDependency */,
			);
			name = PieChartTestTests;
			productName = PIeChartTestTests;
			productReference = 6B361DE82C04D01F004C5811 /* PieChartTestTests.xctest */;
			productType = "com.apple.product-type.bundle.unit-test";
		};
		6B361DF12C04D01F004C5811 /* PieChartTestUITests */ = {
			isa = PBXNativeTarget;
			buildConfigurationList = 6B361E022C04D01F004C5811 /* Build configuration list for PBXNativeTarget "PieChartTestUITests" */;
			buildPhases = (
				6B361DEE2C04D01F004C5811 /* Sources */,
				6B361DEF2C04D01F004C5811 /* Frameworks */,
				6B361DF02C04D01F004C5811 /* Resources */,
			);
			buildRules = (
			);
			dependencies = (
				6B361DF42C04D01F004C5811 /* PBXTargetDependency */,
			);
			name = PieChartTestUITests;
			productName = PIeChartTestUITests;
			productReference = 6B361DF22C04D01F004C5811 /* PieChartTestUITests.xctest */;
			productType = "com.apple.product-type.bundle.ui-testing";
		};
/* End PBXNativeTarget section */

/* Begin PBXProject section */
		6B361DCA2C04D01E004C5811 /* Project object */ = {
			isa = PBXProject;
			attributes = {
				BuildIndependentTargetsInParallel = 1;
				LastSwiftUpdateCheck = 1530;
				LastUpgradeCheck = 1530;
				TargetAttributes = {
					6B361DD12C04D01E004C5811 = {
						CreatedOnToolsVersion = 15.3;
					};
					6B361DE72C04D01F004C5811 = {
						CreatedOnToolsVersion = 15.3;
						TestTargetID = 6B361DD12C04D01E004C5811;
					};
					6B361DF12C04D01F004C5811 = {
						CreatedOnToolsVersion = 15.3;
						TestTargetID = 6B361DD12C04D01E004C5811;
					};
				};
			};
			buildConfigurationList = 6B361DCD2C04D01E004C5811 /* Build configuration list for PBXProject "PieChartTest" */;
			compatibilityVersion = "Xcode 14.0";
			developmentRegion = en;
			hasScannedForEncodings = 0;
			knownRegions = (
				en,
				Base,
			);
			mainGroup = 6B361DC92C04D01E004C5811;
			productRefGroup = 6B361DD32C04D01E004C5811 /* Products */;
			projectDirPath = "";
			projectRoot = "";
			targets = (
				6B361DD12C04D01E004C5811 /* PieChartTest */,
				6B361DE72C04D01F004C5811 /* PieChartTestTests */,
				6B361DF12C04D01F004C5811 /* PieChartTestUITests */,
			);
		};
/* End PBXProject section */

/* Begin PBXResourcesBuildPhase section */
		6B361DD02C04D01E004C5811 /* Resources */ = {
			isa = PBXResourcesBuildPhase;
			buildActionMask = 2147483647;
			files = (
				6B361DDF2C04D01E004C5811 /* Assets.xcassets in Resources */,
				6B361DE22C04D01E004C5811 /* Base in Resources */,
			);
			runOnlyForDeploymentPostprocessing = 0;
		};
		6B361DE62C04D01F004C5811 /* Resources */ = {
			isa = PBXResourcesBuildPhase;
			buildActionMask = 2147483647;
			files = (
			);
			runOnlyForDeploymentPostprocessing = 0;
		};
		6B361DF02C04D01F004C5811 /* Resources */ = {
			isa = PBXResourcesBuildPhase;
			buildActionMask = 2147483647;
			files = (
			);
			runOnlyForDeploymentPostprocessing = 0;
		};
/* End PBXResourcesBuildPhase section */

/* Begin PBXSourcesBuildPhase section */
		6B361DCE2C04D01E004C5811 /* Sources */ = {
			isa = PBXSourcesBuildPhase;
			buildActionMask = 2147483647;
			files = (
				6B361DDA2C04D01E004C5811 /* DoughnutChartViewController.swift in Sources */,
				6B361DD62C04D01E004C5811 /* AppDelegate.swift in Sources */,
				6B361E062C04D1DA004C5811 /* DoughnutChartCircular.swift in Sources */,
				6B361DD82C04D01E004C5811 /* SceneDelegate.swift in Sources */,
			);
			runOnlyForDeploymentPostprocessing = 0;
		};
		6B361DE42C04D01F004C5811 /* Sources */ = {
			isa = PBXSourcesBuildPhase;
			buildActionMask = 2147483647;
			files = (
				6B361DED2C04D01F004C5811 /* PIeChartTestTests.swift in Sources */,
			);
			runOnlyForDeploymentPostprocessing = 0;
		};
		6B361DEE2C04D01F004C5811 /* Sources */ = {
			isa = PBXSourcesBuildPhase;
			buildActionMask = 2147483647;
			files = (
				6B361DF92C04D01F004C5811 /* PIeChartTestUITestsLaunchTests.swift in Sources */,
				6B361DF72C04D01F004C5811 /* PIeChartTestUITests.swift in Sources */,
			);
			runOnlyForDeploymentPostprocessing = 0;
		};
/* End PBXSourcesBuildPhase section */

/* Begin PBXTargetDependency section */
		6B361DEA2C04D01F004C5811 /* PBXTargetDependency */ = {
			isa = PBXTargetDependency;
			target = 6B361DD12C04D01E004C5811 /* PieChartTest */;
			targetProxy = 6B361DE92C04D01F004C5811 /* PBXContainerItemProxy */;
		};
		6B361DF42C04D01F004C5811 /* PBXTargetDependency */ = {
			isa = PBXTargetDependency;
			target = 6B361DD12C04D01E004C5811 /* PieChartTest */;
			targetProxy = 6B361DF32C04D01F004C5811 /* PBXContainerItemProxy */;
		};
/* End PBXTargetDependency section */

/* Begin PBXVariantGroup section */
		6B361DE02C04D01E004C5811 /* LaunchScreen.storyboard */ = {
			isa = PBXVariantGroup;
			children = (
				6B361DE12C04D01E004C5811 /* Base */,
			);
			name = LaunchScreen.storyboard;
			sourceTree = "<group>";
		};
/* End PBXVariantGroup section */

/* Begin XCBuildConfiguration section */
		6B361DFA2C04D01F004C5811 /* Debug */ = {
			isa = XCBuildConfiguration;
			buildSettings = {
				ALWAYS_SEARCH_USER_PATHS = NO;
				ASSETCATALOG_COMPILER_GENERATE_SWIFT_ASSET_SYMBOL_EXTENSIONS = YES;
				CLANG_ANALYZER_NONNULL = YES;
				CLANG_ANALYZER_NUMBER_OBJECT_CONVERSION = YES_AGGRESSIVE;
				CLANG_CXX_LANGUAGE_STANDARD = "gnu++20";
				CLANG_ENABLE_MODULES = YES;
				CLANG_ENABLE_OBJC_ARC = YES;
				CLANG_ENABLE_OBJC_WEAK = YES;
				CLANG_WARN_BLOCK_CAPTURE_AUTORELEASING = YES;
				CLANG_WARN_BOOL_CONVERSION = YES;
				CLANG_WARN_COMMA = YES;
				CLANG_WARN_CONSTANT_CONVERSION = YES;
				CLANG_WARN_DEPRECATED_OBJC_IMPLEMENTATIONS = YES;
				CLANG_WARN_DIRECT_OBJC_ISA_USAGE = YES_ERROR;
				CLANG_WARN_DOCUMENTATION_COMMENTS = YES;
				CLANG_WARN_EMPTY_BODY = YES;
				CLANG_WARN_ENUM_CONVERSION = YES;
				CLANG_WARN_INFINITE_RECURSION = YES;
				CLANG_WARN_INT_CONVERSION = YES;
				CLANG_WARN_NON_LITERAL_NULL_CONVERSION = YES;
				CLANG_WARN_OBJC_IMPLICIT_RETAIN_SELF = YES;
				CLANG_WARN_OBJC_LITERAL_CONVERSION = YES;
				CLANG_WARN_OBJC_ROOT_CLASS = YES_ERROR;
				CLANG_WARN_QUOTED_INCLUDE_IN_FRAMEWORK_HEADER = YES;
				CLANG_WARN_RANGE_LOOP_ANALYSIS = YES;
				CLANG_WARN_STRICT_PROTOTYPES = YES;
				CLANG_WARN_SUSPICIOUS_MOVE = YES;
				CLANG_WARN_UNGUARDED_AVAILABILITY = YES_AGGRESSIVE;
				CLANG_WARN_UNREACHABLE_CODE = YES;
				CLANG_WARN__DUPLICATE_METHOD_MATCH = YES;
				COPY_PHASE_STRIP = NO;
				DEBUG_INFORMATION_FORMAT = dwarf;
				ENABLE_STRICT_OBJC_MSGSEND = YES;
				ENABLE_TESTABILITY = YES;
				ENABLE_USER_SCRIPT_SANDBOXING = YES;
				GCC_C_LANGUAGE_STANDARD = gnu17;
				GCC_DYNAMIC_NO_PIC = NO;
				GCC_NO_COMMON_BLOCKS = YES;
				GCC_OPTIMIZATION_LEVEL = 0;
				GCC_PREPROCESSOR_DEFINITIONS = (
					"DEBUG=1",
					"$(inherited)",
				);
				GCC_WARN_64_TO_32_BIT_CONVERSION = YES;
				GCC_WARN_ABOUT_RETURN_TYPE = YES_ERROR;
				GCC_WARN_UNDECLARED_SELECTOR = YES;
				GCC_WARN_UNINITIALIZED_AUTOS = YES_AGGRESSIVE;
				GCC_WARN_UNUSED_FUNCTION = YES;
				GCC_WARN_UNUSED_VARIABLE = YES;
				IPHONEOS_DEPLOYMENT_TARGET = 17.4;
				LOCALIZATION_PREFERS_STRING_CATALOGS = YES;
				MTL_ENABLE_DEBUG_INFO = INCLUDE_SOURCE;
				MTL_FAST_MATH = YES;
				ONLY_ACTIVE_ARCH = YES;
				SDKROOT = iphoneos;
				SWIFT_ACTIVE_COMPILATION_CONDITIONS = "DEBUG $(inherited)";
				SWIFT_OPTIMIZATION_LEVEL = "-Onone";
			};
			name = Debug;
		};
		6B361DFB2C04D01F004C5811 /* Release */ = {
			isa = XCBuildConfiguration;
			buildSettings = {
				ALWAYS_SEARCH_USER_PATHS = NO;
				ASSETCATALOG_COMPILER_GENERATE_SWIFT_ASSET_SYMBOL_EXTENSIONS = YES;
				CLANG_ANALYZER_NONNULL = YES;
				CLANG_ANALYZER_NUMBER_OBJECT_CONVERSION = YES_AGGRESSIVE;
				CLANG_CXX_LANGUAGE_STANDARD = "gnu++20";
				CLANG_ENABLE_MODULES = YES;
				CLANG_ENABLE_OBJC_ARC = YES;
				CLANG_ENABLE_OBJC_WEAK = YES;
				CLANG_WARN_BLOCK_CAPTURE_AUTORELEASING = YES;
				CLANG_WARN_BOOL_CONVERSION = YES;
				CLANG_WARN_COMMA = YES;
				CLANG_WARN_CONSTANT_CONVERSION = YES;
				CLANG_WARN_DEPRECATED_OBJC_IMPLEMENTATIONS = YES;
				CLANG_WARN_DIRECT_OBJC_ISA_USAGE = YES_ERROR;
				CLANG_WARN_DOCUMENTATION_COMMENTS = YES;
				CLANG_WARN_EMPTY_BODY = YES;
				CLANG_WARN_ENUM_CONVERSION = YES;
				CLANG_WARN_INFINITE_RECURSION = YES;
				CLANG_WARN_INT_CONVERSION = YES;
				CLANG_WARN_NON_LITERAL_NULL_CONVERSION = YES;
				CLANG_WARN_OBJC_IMPLICIT_RETAIN_SELF = YES;
				CLANG_WARN_OBJC_LITERAL_CONVERSION = YES;
				CLANG_WARN_OBJC_ROOT_CLASS = YES_ERROR;
				CLANG_WARN_QUOTED_INCLUDE_IN_FRAMEWORK_HEADER = YES;
				CLANG_WARN_RANGE_LOOP_ANALYSIS = YES;
				CLANG_WARN_STRICT_PROTOTYPES = YES;
				CLANG_WARN_SUSPICIOUS_MOVE = YES;
				CLANG_WARN_UNGUARDED_AVAILABILITY = YES_AGGRESSIVE;
				CLANG_WARN_UNREACHABLE_CODE = YES;
				CLANG_WARN__DUPLICATE_METHOD_MATCH = YES;
				COPY_PHASE_STRIP = NO;
				DEBUG_INFORMATION_FORMAT = "dwarf-with-dsym";
				ENABLE_NS_ASSERTIONS = NO;
				ENABLE_STRICT_OBJC_MSGSEND = YES;
				ENABLE_USER_SCRIPT_SANDBOXING = YES;
				GCC_C_LANGUAGE_STANDARD = gnu17;
				GCC_NO_COMMON_BLOCKS = YES;
				GCC_WARN_64_TO_32_BIT_CONVERSION = YES;
				GCC_WARN_ABOUT_RETURN_TYPE = YES_ERROR;
				GCC_WARN_UNDECLARED_SELECTOR = YES;
				GCC_WARN_UNINITIALIZED_AUTOS = YES_AGGRESSIVE;
				GCC_WARN_UNUSED_FUNCTION = YES;
				GCC_WARN_UNUSED_VARIABLE = YES;
				IPHONEOS_DEPLOYMENT_TARGET = 17.4;
				LOCALIZATION_PREFERS_STRING_CATALOGS = YES;
				MTL_ENABLE_DEBUG_INFO = NO;
				MTL_FAST_MATH = YES;
				SDKROOT = iphoneos;
				SWIFT_COMPILATION_MODE = wholemodule;
				VALIDATE_PRODUCT = YES;
			};
			name = Release;
		};
		6B361DFD2C04D01F004C5811 /* Debug */ = {
			isa = XCBuildConfiguration;
			buildSettings = {
				ASSETCATALOG_COMPILER_APPICON_NAME = AppIcon;
				ASSETCATALOG_COMPILER_GLOBAL_ACCENT_COLOR_NAME = AccentColor;
				CODE_SIGN_STYLE = Automatic;
				CURRENT_PROJECT_VERSION = 1;
				DEVELOPMENT_TEAM = U52XP3296U;
				GENERATE_INFOPLIST_FILE = YES;
				INFOPLIST_FILE = PIeChartTest/Info.plist;
				INFOPLIST_KEY_UIApplicationSupportsIndirectInputEvents = YES;
				INFOPLIST_KEY_UILaunchStoryboardName = LaunchScreen;
				INFOPLIST_KEY_UIMainStoryboardFile = "";
				INFOPLIST_KEY_UISupportedInterfaceOrientations = UIInterfaceOrientationPortrait;
				LD_RUNPATH_SEARCH_PATHS = (
					"$(inherited)",
					"@executable_path/Frameworks",
				);
				MARKETING_VERSION = 1.0;
				PRODUCT_BUNDLE_IDENTIFIER = br.com.LudovicoTech.PIeChartTest;
				PRODUCT_NAME = "$(TARGET_NAME)";
				SWIFT_EMIT_LOC_STRINGS = YES;
				SWIFT_VERSION = 5.0;
				TARGETED_DEVICE_FAMILY = "1,2";
			};
			name = Debug;
		};
		6B361DFE2C04D01F004C5811 /* Release */ = {
			isa = XCBuildConfiguration;
			buildSettings = {
				ASSETCATALOG_COMPILER_APPICON_NAME = AppIcon;
				ASSETCATALOG_COMPILER_GLOBAL_ACCENT_COLOR_NAME = AccentColor;
				CODE_SIGN_STYLE = Automatic;
				CURRENT_PROJECT_VERSION = 1;
				DEVELOPMENT_TEAM = U52XP3296U;
				GENERATE_INFOPLIST_FILE = YES;
				INFOPLIST_FILE = PIeChartTest/Info.plist;
				INFOPLIST_KEY_UIApplicationSupportsIndirectInputEvents = YES;
				INFOPLIST_KEY_UILaunchStoryboardName = LaunchScreen;
				INFOPLIST_KEY_UIMainStoryboardFile = "";
				INFOPLIST_KEY_UISupportedInterfaceOrientations = UIInterfaceOrientationPortrait;
				LD_RUNPATH_SEARCH_PATHS = (
					"$(inherited)",
					"@executable_path/Frameworks",
				);
				MARKETING_VERSION = 1.0;
				PRODUCT_BUNDLE_IDENTIFIER = br.com.LudovicoTech.PIeChartTest;
				PRODUCT_NAME = "$(TARGET_NAME)";
				SWIFT_EMIT_LOC_STRINGS = YES;
				SWIFT_VERSION = 5.0;
				TARGETED_DEVICE_FAMILY = "1,2";
			};
			name = Release;
		};
		6B361E002C04D01F004C5811 /* Debug */ = {
			isa = XCBuildConfiguration;
			buildSettings = {
				ALWAYS_EMBED_SWIFT_STANDARD_LIBRARIES = YES;
				BUNDLE_LOADER = "$(TEST_HOST)";
				CODE_SIGN_STYLE = Automatic;
				CURRENT_PROJECT_VERSION = 1;
				DEVELOPMENT_TEAM = U52XP3296U;
				GENERATE_INFOPLIST_FILE = YES;
				IPHONEOS_DEPLOYMENT_TARGET = 17.4;
				MARKETING_VERSION = 1.0;
				PRODUCT_BUNDLE_IDENTIFIER = br.com.LudovicoTech.PIeChartTestTests;
				PRODUCT_NAME = "$(TARGET_NAME)";
				SWIFT_EMIT_LOC_STRINGS = NO;
				SWIFT_VERSION = 5.0;
				TARGETED_DEVICE_FAMILY = "1,2";
				TEST_HOST = "$(BUILT_PRODUCTS_DIR)/PieChartTest.app/$(BUNDLE_EXECUTABLE_FOLDER_PATH)/PieChartTest";
			};
			name = Debug;
		};
		6B361E012C04D01F004C5811 /* Release */ = {
			isa = XCBuildConfiguration;
			buildSettings = {
				ALWAYS_EMBED_SWIFT_STANDARD_LIBRARIES = YES;
				BUNDLE_LOADER = "$(TEST_HOST)";
				CODE_SIGN_STYLE = Automatic;
				CURRENT_PROJECT_VERSION = 1;
				DEVELOPMENT_TEAM = U52XP3296U;
				GENERATE_INFOPLIST_FILE = YES;
				IPHONEOS_DEPLOYMENT_TARGET = 17.4;
				MARKETING_VERSION = 1.0;
				PRODUCT_BUNDLE_IDENTIFIER = br.com.LudovicoTech.PIeChartTestTests;
				PRODUCT_NAME = "$(TARGET_NAME)";
				SWIFT_EMIT_LOC_STRINGS = NO;
				SWIFT_VERSION = 5.0;
				TARGETED_DEVICE_FAMILY = "1,2";
				TEST_HOST = "$(BUILT_PRODUCTS_DIR)/PieChartTest.app/$(BUNDLE_EXECUTABLE_FOLDER_PATH)/PieChartTest";
			};
			name = Release;
		};
		6B361E032C04D01F004C5811 /* Debug */ = {
			isa = XCBuildConfiguration;
			buildSettings = {
				ALWAYS_EMBED_SWIFT_STANDARD_LIBRARIES = YES;
				CODE_SIGN_STYLE = Automatic;
				CURRENT_PROJECT_VERSION = 1;
				DEVELOPMENT_TEAM = U52XP3296U;
				GENERATE_INFOPLIST_FILE = YES;
				MARKETING_VERSION = 1.0;
				PRODUCT_BUNDLE_IDENTIFIER = br.com.LudovicoTech.PIeChartTestUITests;
				PRODUCT_NAME = "$(TARGET_NAME)";
				SWIFT_EMIT_LOC_STRINGS = NO;
				SWIFT_VERSION = 5.0;
				TARGETED_DEVICE_FAMILY = "1,2";
				TEST_TARGET_NAME = PIeChartTest;
			};
			name = Debug;
		};
		6B361E042C04D01F004C5811 /* Release */ = {
			isa = XCBuildConfiguration;
			buildSettings = {
				ALWAYS_EMBED_SWIFT_STANDARD_LIBRARIES = YES;
				CODE_SIGN_STYLE = Automatic;
				CURRENT_PROJECT_VERSION = 1;
				DEVELOPMENT_TEAM = U52XP3296U;
				GENERATE_INFOPLIST_FILE = YES;
				MARKETING_VERSION = 1.0;
				PRODUCT_BUNDLE_IDENTIFIER = br.com.LudovicoTech.PIeChartTestUITests;
				PRODUCT_NAME = "$(TARGET_NAME)";
				SWIFT_EMIT_LOC_STRINGS = NO;
				SWIFT_VERSION = 5.0;
				TARGETED_DEVICE_FAMILY = "1,2";
				TEST_TARGET_NAME = PIeChartTest;
			};
			name = Release;
		};
/* End XCBuildConfiguration section */

/* Begin XCConfigurationList section */
		6B361DCD2C04D01E004C5811 /* Build configuration list for PBXProject "PieChartTest" */ = {
			isa = XCConfigurationList;
			buildConfigurations = (
				6B361DFA2C04D01F004C5811 /* Debug */,
				6B361DFB2C04D01F004C5811 /* Release */,
			);
			defaultConfigurationIsVisible = 0;
			defaultConfigurationName = Release;
		};
		6B361DFC2C04D01F004C5811 /* Build configuration list for PBXNativeTarget "PieChartTest" */ = {
			isa = XCConfigurationList;
			buildConfigurations = (
				6B361DFD2C04D01F004C5811 /* Debug */,
				6B361DFE2C04D01F004C5811 /* Release */,
			);
			defaultConfigurationIsVisible = 0;
			defaultConfigurationName = Release;
		};
		6B361DFF2C04D01F004C5811 /* Build configuration list for PBXNativeTarget "PieChartTestTests" */ = {
			isa = XCConfigurationList;
			buildConfigurations = (
				6B361E002C04D01F004C5811 /* Debug */,
				6B361E012C04D01F004C5811 /* Release */,
			);
			defaultConfigurationIsVisible = 0;
			defaultConfigurationName = Release;
		};
		6B361E022C04D01F004C5811 /* Build configuration list for PBXNativeTarget "PieChartTestUITests" */ = {
			isa = XCConfigurationList;
			buildConfigurations = (
				6B361E032C04D01F004C5811 /* Debug */,
				6B361E042C04D01F004C5811 /* Release */,
			);
			defaultConfigurationIsVisible = 0;
			defaultConfigurationName = Release;
		};
/* End XCConfigurationList section */
	};
	rootObject = 6B361DCA2C04D01E004C5811 /* Project object */;
}
